
Microsoft Visual Studio Solution File, Format Version 12.00
# Visual Studio Version 17
VisualStudioVersion = 17.0.31903.59
MinimumVisualStudioVersion = 10.0.40219.1
Project("{2150E333-8FDC-42A3-9474-1A3956D46DE8}") = "Microservices", "Microservices", "{44398EC6-A4A7-4833-8AAC-8FF4675592B1}"
EndProject
Project("{2150E333-8FDC-42A3-9474-1A3956D46DE8}") = "Authorization", "Authorization", "{B34BA445-C3A7-4183-8CBA-505A03189F8F}"
EndProject
Project("{FAE04EC0-301F-11D3-BF4B-00C04F79EFBC}") = "InnowiseClinic.Microservices.Authorization.Api", "Microservices\Authorization\Api\InnowiseClinic.Microservices.Authorization.Api.csproj", "{896DE785-F5A7-4154-9ED5-7747ABEB422A}"
EndProject
Project("{FAE04EC0-301F-11D3-BF4B-00C04F79EFBC}") = "InnowiseClinic.Microservices.Authorization.Application", "Microservices\Authorization\Application\InnowiseClinic.Microservices.Authorization.Application.csproj", "{A44CDF06-3523-4625-BC03-CFB85F3C0634}"
EndProject
Project("{FAE04EC0-301F-11D3-BF4B-00C04F79EFBC}") = "InnowiseClinic.Microservices.Authorization.Data", "Microservices\Authorization\Data\InnowiseClinic.Microservices.Authorization.Data.csproj", "{119B1976-B259-484B-9726-BDD50ABB0E0A}"
EndProject
Global
	GlobalSection(SolutionConfigurationPlatforms) = preSolution
		Debug|Any CPU = Debug|Any CPU
		Release|Any CPU = Release|Any CPU
	EndGlobalSection
	GlobalSection(SolutionProperties) = preSolution
		HideSolutionNode = FALSE
	EndGlobalSection
	GlobalSection(ProjectConfigurationPlatforms) = postSolution
		{896DE785-F5A7-4154-9ED5-7747ABEB422A}.Debug|Any CPU.ActiveCfg = Debug|Any CPU
		{896DE785-F5A7-4154-9ED5-7747ABEB422A}.Debug|Any CPU.Build.0 = Debug|Any CPU
		{896DE785-F5A7-4154-9ED5-7747ABEB422A}.Release|Any CPU.ActiveCfg = Release|Any CPU
		{896DE785-F5A7-4154-9ED5-7747ABEB422A}.Release|Any CPU.Build.0 = Release|Any CPU
		{A44CDF06-3523-4625-BC03-CFB85F3C0634}.Debug|Any CPU.ActiveCfg = Debug|Any CPU
		{A44CDF06-3523-4625-BC03-CFB85F3C0634}.Debug|Any CPU.Build.0 = Debug|Any CPU
		{A44CDF06-3523-4625-BC03-CFB85F3C0634}.Release|Any CPU.ActiveCfg = Release|Any CPU
		{A44CDF06-3523-4625-BC03-CFB85F3C0634}.Release|Any CPU.Build.0 = Release|Any CPU
		{119B1976-B259-484B-9726-BDD50ABB0E0A}.Debug|Any CPU.ActiveCfg = Debug|Any CPU
		{119B1976-B259-484B-9726-BDD50ABB0E0A}.Debug|Any CPU.Build.0 = Debug|Any CPU
		{119B1976-B259-484B-9726-BDD50ABB0E0A}.Release|Any CPU.ActiveCfg = Release|Any CPU
		{119B1976-B259-484B-9726-BDD50ABB0E0A}.Release|Any CPU.Build.0 = Release|Any CPU
	EndGlobalSection
	GlobalSection(NestedProjects) = preSolution
		{B34BA445-C3A7-4183-8CBA-505A03189F8F} = {44398EC6-A4A7-4833-8AAC-8FF4675592B1}
		{896DE785-F5A7-4154-9ED5-7747ABEB422A} = {B34BA445-C3A7-4183-8CBA-505A03189F8F}
		{A44CDF06-3523-4625-BC03-CFB85F3C0634} = {B34BA445-C3A7-4183-8CBA-505A03189F8F}
		{119B1976-B259-484B-9726-BDD50ABB0E0A} = {B34BA445-C3A7-4183-8CBA-505A03189F8F}
	EndGlobalSection
EndGlobal
