
Microsoft Visual Studio Solution File, Format Version 12.00
# Visual Studio Version 17
VisualStudioVersion = 17.0.31903.59
MinimumVisualStudioVersion = 10.0.40219.1
Project("{2150E333-8FDC-42A3-9474-1A3956D46DE8}") = "Microservices", "Microservices", "{44398EC6-A4A7-4833-8AAC-8FF4675592B1}"
EndProject
Project("{2150E333-8FDC-42A3-9474-1A3956D46DE8}") = "Authorization", "Authorization", "{B34BA445-C3A7-4183-8CBA-505A03189F8F}"
EndProject
Project("{FAE04EC0-301F-11D3-BF4B-00C04F79EFBC}") = "InnowiseClinic.Microservices.Authorization.Api", "Microservices\Authorization\Api\InnowiseClinic.Microservices.Authorization.Api.csproj", "{896DE785-F5A7-4154-9ED5-7747ABEB422A}"
EndProject
Project("{FAE04EC0-301F-11D3-BF4B-00C04F79EFBC}") = "InnowiseClinic.Microservices.Authorization.Application", "Microservices\Authorization\Application\InnowiseClinic.Microservices.Authorization.Application.csproj", "{A44CDF06-3523-4625-BC03-CFB85F3C0634}"
EndProject
Project("{FAE04EC0-301F-11D3-BF4B-00C04F79EFBC}") = "InnowiseClinic.Microservices.Authorization.Data", "Microservices\Authorization\Data\InnowiseClinic.Microservices.Authorization.Data.csproj", "{119B1976-B259-484B-9726-BDD50ABB0E0A}"
EndProject
Project("{2150E333-8FDC-42A3-9474-1A3956D46DE8}") = "Shared", "Shared", "{FF36D1CB-1E5C-4A4E-91CA-A9B7381BD97D}"
EndProject
Project("{FAE04EC0-301F-11D3-BF4B-00C04F79EFBC}") = "InnowiseClinic.Microservices.Shared.Api", "Microservices\Shared\Api\InnowiseClinic.Microservices.Shared.Api.csproj", "{5EDF02A3-2247-4F28-BCF9-E3760B532D53}"
EndProject
Project("{FAE04EC0-301F-11D3-BF4B-00C04F79EFBC}") = "InnowiseClinic.Microservices.Shared.Data", "Microservices\Shared\Data\InnowiseClinic.Microservices.Shared.Data.csproj", "{692085BD-65CB-43C4-9281-37D40B2EA2BF}"
EndProject
Project("{2150E333-8FDC-42A3-9474-1A3956D46DE8}") = "Offices", "Offices", "{ADB329F4-161F-4FF2-847F-19718FF778AB}"
EndProject
Project("{FAE04EC0-301F-11D3-BF4B-00C04F79EFBC}") = "InnowiseClinic.Microservices.Offices.Api", "Microservices\Offices\Api\InnowiseClinic.Microservices.Offices.Api.csproj", "{893941C5-518C-4F9F-9934-EBD4842040AC}"
EndProject
Project("{FAE04EC0-301F-11D3-BF4B-00C04F79EFBC}") = "InnowiseClinic.Microservices.Offices.Application", "Microservices\Offices\Application\InnowiseClinic.Microservices.Offices.Application.csproj", "{5B64D5A3-BF22-4EF3-8C64-C43249321637}"
EndProject
Project("{FAE04EC0-301F-11D3-BF4B-00C04F79EFBC}") = "InnowiseClinic.Microservices.Offices.Data", "Microservices\Offices\Data\InnowiseClinic.Microservices.Offices.Data.csproj", "{B1F881AB-B6BE-4244-8901-692AF75E5D3B}"
EndProject
Project("{2150E333-8FDC-42A3-9474-1A3956D46DE8}") = "Profiles", "Profiles", "{E7B59C90-2346-437B-AE3B-975B8D4D068C}"
EndProject
Project("{FAE04EC0-301F-11D3-BF4B-00C04F79EFBC}") = "InnowiseClinic.Microservices.Profiles.Data", "Microservices\Profiles\Data\InnowiseClinic.Microservices.Profiles.Data.csproj", "{AD2A92D6-B6E9-4D9B-9BDB-DBF2AD4783BE}"
EndProject
Project("{FAE04EC0-301F-11D3-BF4B-00C04F79EFBC}") = "InnowiseClinic.Microservices.Profiles.Api", "Microservices\Profiles\Api\InnowiseClinic.Microservices.Profiles.Api.csproj", "{75F7B803-BE28-485D-83B5-9703C0F2F9D6}"
EndProject
Project("{FAE04EC0-301F-11D3-BF4B-00C04F79EFBC}") = "InnowiseClinic.Microservices.Profiles.Application", "Microservices\Profiles\Application\InnowiseClinic.Microservices.Profiles.Application.csproj", "{A0FB0B77-4390-42E0-A040-08FB30DA947B}"
EndProject
Project("{2150E333-8FDC-42A3-9474-1A3956D46DE8}") = "Documents", "Documents", "{37E866FC-9875-4BD1-9584-A7C08588A9BF}"
EndProject
Project("{FAE04EC0-301F-11D3-BF4B-00C04F79EFBC}") = "InnowiseClinic.Microservices.Documents.Presentation", "Microservices\Documents\Presentation\InnowiseClinic.Microservices.Documents.Presentation.csproj", "{C088ACC0-BC54-4A52-8500-63247F16929F}"
EndProject
Global
	GlobalSection(SolutionConfigurationPlatforms) = preSolution
		Debug|Any CPU = Debug|Any CPU
		Release|Any CPU = Release|Any CPU
	EndGlobalSection
	GlobalSection(SolutionProperties) = preSolution
		HideSolutionNode = FALSE
	EndGlobalSection
	GlobalSection(ProjectConfigurationPlatforms) = postSolution
		{896DE785-F5A7-4154-9ED5-7747ABEB422A}.Debug|Any CPU.ActiveCfg = Debug|Any CPU
		{896DE785-F5A7-4154-9ED5-7747ABEB422A}.Debug|Any CPU.Build.0 = Debug|Any CPU
		{896DE785-F5A7-4154-9ED5-7747ABEB422A}.Release|Any CPU.ActiveCfg = Release|Any CPU
		{896DE785-F5A7-4154-9ED5-7747ABEB422A}.Release|Any CPU.Build.0 = Release|Any CPU
		{A44CDF06-3523-4625-BC03-CFB85F3C0634}.Debug|Any CPU.ActiveCfg = Debug|Any CPU
		{A44CDF06-3523-4625-BC03-CFB85F3C0634}.Debug|Any CPU.Build.0 = Debug|Any CPU
		{A44CDF06-3523-4625-BC03-CFB85F3C0634}.Release|Any CPU.ActiveCfg = Release|Any CPU
		{A44CDF06-3523-4625-BC03-CFB85F3C0634}.Release|Any CPU.Build.0 = Release|Any CPU
		{119B1976-B259-484B-9726-BDD50ABB0E0A}.Debug|Any CPU.ActiveCfg = Debug|Any CPU
		{119B1976-B259-484B-9726-BDD50ABB0E0A}.Debug|Any CPU.Build.0 = Debug|Any CPU
		{119B1976-B259-484B-9726-BDD50ABB0E0A}.Release|Any CPU.ActiveCfg = Release|Any CPU
		{119B1976-B259-484B-9726-BDD50ABB0E0A}.Release|Any CPU.Build.0 = Release|Any CPU
		{5EDF02A3-2247-4F28-BCF9-E3760B532D53}.Debug|Any CPU.ActiveCfg = Debug|Any CPU
		{5EDF02A3-2247-4F28-BCF9-E3760B532D53}.Debug|Any CPU.Build.0 = Debug|Any CPU
		{5EDF02A3-2247-4F28-BCF9-E3760B532D53}.Release|Any CPU.ActiveCfg = Release|Any CPU
		{5EDF02A3-2247-4F28-BCF9-E3760B532D53}.Release|Any CPU.Build.0 = Release|Any CPU
		{692085BD-65CB-43C4-9281-37D40B2EA2BF}.Debug|Any CPU.ActiveCfg = Debug|Any CPU
		{692085BD-65CB-43C4-9281-37D40B2EA2BF}.Debug|Any CPU.Build.0 = Debug|Any CPU
		{692085BD-65CB-43C4-9281-37D40B2EA2BF}.Release|Any CPU.ActiveCfg = Release|Any CPU
		{692085BD-65CB-43C4-9281-37D40B2EA2BF}.Release|Any CPU.Build.0 = Release|Any CPU
		{893941C5-518C-4F9F-9934-EBD4842040AC}.Debug|Any CPU.ActiveCfg = Debug|Any CPU
		{893941C5-518C-4F9F-9934-EBD4842040AC}.Debug|Any CPU.Build.0 = Debug|Any CPU
		{893941C5-518C-4F9F-9934-EBD4842040AC}.Release|Any CPU.ActiveCfg = Release|Any CPU
		{893941C5-518C-4F9F-9934-EBD4842040AC}.Release|Any CPU.Build.0 = Release|Any CPU
		{5B64D5A3-BF22-4EF3-8C64-C43249321637}.Debug|Any CPU.ActiveCfg = Debug|Any CPU
		{5B64D5A3-BF22-4EF3-8C64-C43249321637}.Debug|Any CPU.Build.0 = Debug|Any CPU
		{5B64D5A3-BF22-4EF3-8C64-C43249321637}.Release|Any CPU.ActiveCfg = Release|Any CPU
		{5B64D5A3-BF22-4EF3-8C64-C43249321637}.Release|Any CPU.Build.0 = Release|Any CPU
		{B1F881AB-B6BE-4244-8901-692AF75E5D3B}.Debug|Any CPU.ActiveCfg = Debug|Any CPU
		{B1F881AB-B6BE-4244-8901-692AF75E5D3B}.Debug|Any CPU.Build.0 = Debug|Any CPU
		{B1F881AB-B6BE-4244-8901-692AF75E5D3B}.Release|Any CPU.ActiveCfg = Release|Any CPU
		{B1F881AB-B6BE-4244-8901-692AF75E5D3B}.Release|Any CPU.Build.0 = Release|Any CPU
		{C088ACC0-BC54-4A52-8500-63247F16929F}.Debug|Any CPU.ActiveCfg = Debug|Any CPU
		{C088ACC0-BC54-4A52-8500-63247F16929F}.Debug|Any CPU.Build.0 = Debug|Any CPU
		{C088ACC0-BC54-4A52-8500-63247F16929F}.Release|Any CPU.ActiveCfg = Release|Any CPU
		{C088ACC0-BC54-4A52-8500-63247F16929F}.Release|Any CPU.Build.0 = Release|Any CPU
		{AD2A92D6-B6E9-4D9B-9BDB-DBF2AD4783BE}.Debug|Any CPU.ActiveCfg = Debug|Any CPU
		{AD2A92D6-B6E9-4D9B-9BDB-DBF2AD4783BE}.Debug|Any CPU.Build.0 = Debug|Any CPU
		{AD2A92D6-B6E9-4D9B-9BDB-DBF2AD4783BE}.Release|Any CPU.ActiveCfg = Release|Any CPU
		{AD2A92D6-B6E9-4D9B-9BDB-DBF2AD4783BE}.Release|Any CPU.Build.0 = Release|Any CPU
		{75F7B803-BE28-485D-83B5-9703C0F2F9D6}.Debug|Any CPU.ActiveCfg = Debug|Any CPU
		{75F7B803-BE28-485D-83B5-9703C0F2F9D6}.Debug|Any CPU.Build.0 = Debug|Any CPU
		{75F7B803-BE28-485D-83B5-9703C0F2F9D6}.Release|Any CPU.ActiveCfg = Release|Any CPU
		{75F7B803-BE28-485D-83B5-9703C0F2F9D6}.Release|Any CPU.Build.0 = Release|Any CPU
		{A0FB0B77-4390-42E0-A040-08FB30DA947B}.Debug|Any CPU.ActiveCfg = Debug|Any CPU
		{A0FB0B77-4390-42E0-A040-08FB30DA947B}.Debug|Any CPU.Build.0 = Debug|Any CPU
		{A0FB0B77-4390-42E0-A040-08FB30DA947B}.Release|Any CPU.ActiveCfg = Release|Any CPU
		{A0FB0B77-4390-42E0-A040-08FB30DA947B}.Release|Any CPU.Build.0 = Release|Any CPU
	EndGlobalSection
	GlobalSection(NestedProjects) = preSolution
		{B34BA445-C3A7-4183-8CBA-505A03189F8F} = {44398EC6-A4A7-4833-8AAC-8FF4675592B1}
		{896DE785-F5A7-4154-9ED5-7747ABEB422A} = {B34BA445-C3A7-4183-8CBA-505A03189F8F}
		{A44CDF06-3523-4625-BC03-CFB85F3C0634} = {B34BA445-C3A7-4183-8CBA-505A03189F8F}
		{119B1976-B259-484B-9726-BDD50ABB0E0A} = {B34BA445-C3A7-4183-8CBA-505A03189F8F}
		{FF36D1CB-1E5C-4A4E-91CA-A9B7381BD97D} = {44398EC6-A4A7-4833-8AAC-8FF4675592B1}
		{5EDF02A3-2247-4F28-BCF9-E3760B532D53} = {FF36D1CB-1E5C-4A4E-91CA-A9B7381BD97D}
		{692085BD-65CB-43C4-9281-37D40B2EA2BF} = {FF36D1CB-1E5C-4A4E-91CA-A9B7381BD97D}
		{E7B59C90-2346-437B-AE3B-975B8D4D068C} = {44398EC6-A4A7-4833-8AAC-8FF4675592B1}
		{AD2A92D6-B6E9-4D9B-9BDB-DBF2AD4783BE} = {E7B59C90-2346-437B-AE3B-975B8D4D068C}
		{75F7B803-BE28-485D-83B5-9703C0F2F9D6} = {E7B59C90-2346-437B-AE3B-975B8D4D068C}
		{A0FB0B77-4390-42E0-A040-08FB30DA947B} = {E7B59C90-2346-437B-AE3B-975B8D4D068C}
		{ADB329F4-161F-4FF2-847F-19718FF778AB} = {44398EC6-A4A7-4833-8AAC-8FF4675592B1}
		{893941C5-518C-4F9F-9934-EBD4842040AC} = {ADB329F4-161F-4FF2-847F-19718FF778AB}
		{5B64D5A3-BF22-4EF3-8C64-C43249321637} = {ADB329F4-161F-4FF2-847F-19718FF778AB}
		{B1F881AB-B6BE-4244-8901-692AF75E5D3B} = {ADB329F4-161F-4FF2-847F-19718FF778AB}
		{37E866FC-9875-4BD1-9584-A7C08588A9BF} = {44398EC6-A4A7-4833-8AAC-8FF4675592B1}
		{C088ACC0-BC54-4A52-8500-63247F16929F} = {37E866FC-9875-4BD1-9584-A7C08588A9BF}
	EndGlobalSection
EndGlobal
